
Microsoft Visual Studio Solution File, Format Version 12.00
# Visual Studio Version 17
VisualStudioVersion = 17.14.36414.22
MinimumVisualStudioVersion = 10.0.40219.1
Project("{2150E333-8FDC-42A3-9474-1A3956D46DE8}") = "src", "src", "{02EA681E-C7D8-13C7-8484-4AC65E1B71E8}"
EndProject
Project("{2150E333-8FDC-42A3-9474-1A3956D46DE8}") = "Services", "Services", "{C82E3C75-F082-4F43-801E-67026CC9C171}"
EndProject
Project("{2150E333-8FDC-42A3-9474-1A3956D46DE8}") = "CatalogService", "CatalogService", "{8F354264-8973-470D-B31F-944EE123D50B}"
EndProject
Project("{FAE04EC0-301F-11D3-BF4B-00C04F79EFBC}") = "CatalogService.API", "src\Services\CatalogService\CatalogService.API\CatalogService.API.csproj", "{738987ED-6575-4C88-A20F-B977BF38D946}"
EndProject
Project("{FAE04EC0-301F-11D3-BF4B-00C04F79EFBC}") = "CatalogService.Application", "src\Services\CatalogService\CatalogService.Application\CatalogService.Application.csproj", "{37104624-C805-4257-BBED-461645D94552}"
EndProject
Project("{FAE04EC0-301F-11D3-BF4B-00C04F79EFBC}") = "CatalogService.Domain", "src\Services\CatalogService\CatalogService.Domain\CatalogService.Domain.csproj", "{C5DC16C6-C4E1-4D92-A0D4-86DBFDCEFFAA}"
EndProject
Project("{FAE04EC0-301F-11D3-BF4B-00C04F79EFBC}") = "CatalogService.Infrastructure", "src\Services\CatalogService\CatalogService.Infrastructure\CatalogService.Infrastructure.csproj", "{03019C0F-AA84-45E1-943E-4E2DC9A629A6}"
EndProject
Project("{FAE04EC0-301F-11D3-BF4B-00C04F79EFBC}") = "CatalogService.Persistence", "src\Services\CatalogService\CatalogService.Persistence\CatalogService.Persistence.csproj", "{BC66289B-5CE0-490E-BE14-427411C252AA}"
EndProject
Project("{2150E333-8FDC-42A3-9474-1A3956D46DE8}") = "Solution Items", "Solution Items", "{8EC462FD-D22E-90A8-E5CE-7E832BA40C5D}"
	ProjectSection(SolutionItems) = preProject
		docker-compose.yml = docker-compose.yml
		README.md = README.md
	EndProjectSection
EndProject
Project("{2150E333-8FDC-42A3-9474-1A3956D46DE8}") = "LendingService", "LendingService", "{0AE2C5AF-9395-40DB-9F51-379E59486B48}"
EndProject
Project("{FAE04EC0-301F-11D3-BF4B-00C04F79EFBC}") = "LendingService.API", "src\Services\LendingService\LendingService.API\LendingService.API.csproj", "{C65CC47F-1759-49B0-8DC2-BD49CA839A49}"
EndProject
Project("{FAE04EC0-301F-11D3-BF4B-00C04F79EFBC}") = "LendingService.Application", "src\Services\LendingService\LendingService.Application\LendingService.Application.csproj", "{7B06E93C-B8CC-4A26-9EA1-5949915F9C96}"
EndProject
Project("{FAE04EC0-301F-11D3-BF4B-00C04F79EFBC}") = "LendingService.Domain", "src\Services\LendingService\LendingService.Domain\LendingService.Domain.csproj", "{27682130-2A95-4025-A404-89BBDC4815A9}"
EndProject
Project("{FAE04EC0-301F-11D3-BF4B-00C04F79EFBC}") = "LendingService.Infrastructure", "src\Services\LendingService\LendingService.Infrastructure\LendingService.Infrastructure.csproj", "{77BE93F5-917E-4952-B65B-12FE4AE1B52C}"
EndProject
Project("{FAE04EC0-301F-11D3-BF4B-00C04F79EFBC}") = "LendingService.Persistence", "src\Services\LendingService\LendingService.Persistence\LendingService.Persistence.csproj", "{BDF466AF-0835-4B89-866E-200A90AC685F}"
EndProject
Project("{2150E333-8FDC-42A3-9474-1A3956D46DE8}") = "AuthService", "AuthService", "{79E43255-B7FD-4BBD-81D3-DCA07B103467}"
EndProject
Project("{FAE04EC0-301F-11D3-BF4B-00C04F79EFBC}") = "AuthService.Domain", "src\Services\AuthService\AuthService.Domain\AuthService.Domain.csproj", "{9A4E47AE-B3B6-4DAB-B00D-F72527EA9561}"
EndProject
Project("{FAE04EC0-301F-11D3-BF4B-00C04F79EFBC}") = "AuthService.Persistence", "src\Services\AuthService\AuthService.Persistence\AuthService.Persistence.csproj", "{D3A20F36-F269-440F-B3DE-1B1A7E58564F}"
EndProject
Project("{FAE04EC0-301F-11D3-BF4B-00C04F79EFBC}") = "AuthService.API", "src\Services\AuthService\AuthService.API\AuthService.API.csproj", "{FBFBAB39-1471-48EA-A462-0D2F5E44C7FA}"
EndProject
Project("{2150E333-8FDC-42A3-9474-1A3956D46DE8}") = "Gateway", "Gateway", "{FC313D87-7A81-44BB-85DA-C28C2FA161F3}"
EndProject
Project("{2150E333-8FDC-42A3-9474-1A3956D46DE8}") = "ApiGateway", "ApiGateway", "{F4116935-35D4-4D14-932F-DD9BED621F0F}"
EndProject
Project("{FAE04EC0-301F-11D3-BF4B-00C04F79EFBC}") = "ApiGateway", "src\Gateway\ApiGateway\ApiGateway.csproj", "{2723FE34-B59C-41BD-AF48-ADD0B06D9CAE}"
EndProject
Global
	GlobalSection(SolutionConfigurationPlatforms) = preSolution
		Debug|Any CPU = Debug|Any CPU
		Release|Any CPU = Release|Any CPU
	EndGlobalSection
	GlobalSection(ProjectConfigurationPlatforms) = postSolution
		{738987ED-6575-4C88-A20F-B977BF38D946}.Debug|Any CPU.ActiveCfg = Debug|Any CPU
		{738987ED-6575-4C88-A20F-B977BF38D946}.Debug|Any CPU.Build.0 = Debug|Any CPU
		{738987ED-6575-4C88-A20F-B977BF38D946}.Release|Any CPU.ActiveCfg = Release|Any CPU
		{738987ED-6575-4C88-A20F-B977BF38D946}.Release|Any CPU.Build.0 = Release|Any CPU
		{37104624-C805-4257-BBED-461645D94552}.Debug|Any CPU.ActiveCfg = Debug|Any CPU
		{37104624-C805-4257-BBED-461645D94552}.Debug|Any CPU.Build.0 = Debug|Any CPU
		{37104624-C805-4257-BBED-461645D94552}.Release|Any CPU.ActiveCfg = Release|Any CPU
		{37104624-C805-4257-BBED-461645D94552}.Release|Any CPU.Build.0 = Release|Any CPU
		{C5DC16C6-C4E1-4D92-A0D4-86DBFDCEFFAA}.Debug|Any CPU.ActiveCfg = Debug|Any CPU
		{C5DC16C6-C4E1-4D92-A0D4-86DBFDCEFFAA}.Debug|Any CPU.Build.0 = Debug|Any CPU
		{C5DC16C6-C4E1-4D92-A0D4-86DBFDCEFFAA}.Release|Any CPU.ActiveCfg = Release|Any CPU
		{C5DC16C6-C4E1-4D92-A0D4-86DBFDCEFFAA}.Release|Any CPU.Build.0 = Release|Any CPU
		{03019C0F-AA84-45E1-943E-4E2DC9A629A6}.Debug|Any CPU.ActiveCfg = Debug|Any CPU
		{03019C0F-AA84-45E1-943E-4E2DC9A629A6}.Debug|Any CPU.Build.0 = Debug|Any CPU
		{03019C0F-AA84-45E1-943E-4E2DC9A629A6}.Release|Any CPU.ActiveCfg = Release|Any CPU
		{03019C0F-AA84-45E1-943E-4E2DC9A629A6}.Release|Any CPU.Build.0 = Release|Any CPU
		{BC66289B-5CE0-490E-BE14-427411C252AA}.Debug|Any CPU.ActiveCfg = Debug|Any CPU
		{BC66289B-5CE0-490E-BE14-427411C252AA}.Debug|Any CPU.Build.0 = Debug|Any CPU
		{BC66289B-5CE0-490E-BE14-427411C252AA}.Release|Any CPU.ActiveCfg = Release|Any CPU
		{BC66289B-5CE0-490E-BE14-427411C252AA}.Release|Any CPU.Build.0 = Release|Any CPU
		{C65CC47F-1759-49B0-8DC2-BD49CA839A49}.Debug|Any CPU.ActiveCfg = Debug|Any CPU
		{C65CC47F-1759-49B0-8DC2-BD49CA839A49}.Debug|Any CPU.Build.0 = Debug|Any CPU
		{C65CC47F-1759-49B0-8DC2-BD49CA839A49}.Release|Any CPU.ActiveCfg = Release|Any CPU
		{C65CC47F-1759-49B0-8DC2-BD49CA839A49}.Release|Any CPU.Build.0 = Release|Any CPU
		{7B06E93C-B8CC-4A26-9EA1-5949915F9C96}.Debug|Any CPU.ActiveCfg = Debug|Any CPU
		{7B06E93C-B8CC-4A26-9EA1-5949915F9C96}.Debug|Any CPU.Build.0 = Debug|Any CPU
		{7B06E93C-B8CC-4A26-9EA1-5949915F9C96}.Release|Any CPU.ActiveCfg = Release|Any CPU
		{7B06E93C-B8CC-4A26-9EA1-5949915F9C96}.Release|Any CPU.Build.0 = Release|Any CPU
		{27682130-2A95-4025-A404-89BBDC4815A9}.Debug|Any CPU.ActiveCfg = Debug|Any CPU
		{27682130-2A95-4025-A404-89BBDC4815A9}.Debug|Any CPU.Build.0 = Debug|Any CPU
		{27682130-2A95-4025-A404-89BBDC4815A9}.Release|Any CPU.ActiveCfg = Release|Any CPU
		{27682130-2A95-4025-A404-89BBDC4815A9}.Release|Any CPU.Build.0 = Release|Any CPU
		{77BE93F5-917E-4952-B65B-12FE4AE1B52C}.Debug|Any CPU.ActiveCfg = Debug|Any CPU
		{77BE93F5-917E-4952-B65B-12FE4AE1B52C}.Debug|Any CPU.Build.0 = Debug|Any CPU
		{77BE93F5-917E-4952-B65B-12FE4AE1B52C}.Release|Any CPU.ActiveCfg = Release|Any CPU
		{77BE93F5-917E-4952-B65B-12FE4AE1B52C}.Release|Any CPU.Build.0 = Release|Any CPU
		{BDF466AF-0835-4B89-866E-200A90AC685F}.Debug|Any CPU.ActiveCfg = Debug|Any CPU
		{BDF466AF-0835-4B89-866E-200A90AC685F}.Debug|Any CPU.Build.0 = Debug|Any CPU
		{BDF466AF-0835-4B89-866E-200A90AC685F}.Release|Any CPU.ActiveCfg = Release|Any CPU
		{BDF466AF-0835-4B89-866E-200A90AC685F}.Release|Any CPU.Build.0 = Release|Any CPU
		{9A4E47AE-B3B6-4DAB-B00D-F72527EA9561}.Debug|Any CPU.ActiveCfg = Debug|Any CPU
		{9A4E47AE-B3B6-4DAB-B00D-F72527EA9561}.Debug|Any CPU.Build.0 = Debug|Any CPU
		{9A4E47AE-B3B6-4DAB-B00D-F72527EA9561}.Release|Any CPU.ActiveCfg = Release|Any CPU
		{9A4E47AE-B3B6-4DAB-B00D-F72527EA9561}.Release|Any CPU.Build.0 = Release|Any CPU
		{D3A20F36-F269-440F-B3DE-1B1A7E58564F}.Debug|Any CPU.ActiveCfg = Debug|Any CPU
		{D3A20F36-F269-440F-B3DE-1B1A7E58564F}.Debug|Any CPU.Build.0 = Debug|Any CPU
		{D3A20F36-F269-440F-B3DE-1B1A7E58564F}.Release|Any CPU.ActiveCfg = Release|Any CPU
		{D3A20F36-F269-440F-B3DE-1B1A7E58564F}.Release|Any CPU.Build.0 = Release|Any CPU
		{FBFBAB39-1471-48EA-A462-0D2F5E44C7FA}.Debug|Any CPU.ActiveCfg = Debug|Any CPU
		{FBFBAB39-1471-48EA-A462-0D2F5E44C7FA}.Debug|Any CPU.Build.0 = Debug|Any CPU
		{FBFBAB39-1471-48EA-A462-0D2F5E44C7FA}.Release|Any CPU.ActiveCfg = Release|Any CPU
		{FBFBAB39-1471-48EA-A462-0D2F5E44C7FA}.Release|Any CPU.Build.0 = Release|Any CPU
		{2723FE34-B59C-41BD-AF48-ADD0B06D9CAE}.Debug|Any CPU.ActiveCfg = Debug|Any CPU
		{2723FE34-B59C-41BD-AF48-ADD0B06D9CAE}.Debug|Any CPU.Build.0 = Debug|Any CPU
		{2723FE34-B59C-41BD-AF48-ADD0B06D9CAE}.Release|Any CPU.ActiveCfg = Release|Any CPU
		{2723FE34-B59C-41BD-AF48-ADD0B06D9CAE}.Release|Any CPU.Build.0 = Release|Any CPU
	EndGlobalSection
	GlobalSection(SolutionProperties) = preSolution
		HideSolutionNode = FALSE
	EndGlobalSection
	GlobalSection(NestedProjects) = preSolution
		{C82E3C75-F082-4F43-801E-67026CC9C171} = {02EA681E-C7D8-13C7-8484-4AC65E1B71E8}
		{8F354264-8973-470D-B31F-944EE123D50B} = {C82E3C75-F082-4F43-801E-67026CC9C171}
		{738987ED-6575-4C88-A20F-B977BF38D946} = {8F354264-8973-470D-B31F-944EE123D50B}
		{37104624-C805-4257-BBED-461645D94552} = {8F354264-8973-470D-B31F-944EE123D50B}
		{C5DC16C6-C4E1-4D92-A0D4-86DBFDCEFFAA} = {8F354264-8973-470D-B31F-944EE123D50B}
		{03019C0F-AA84-45E1-943E-4E2DC9A629A6} = {8F354264-8973-470D-B31F-944EE123D50B}
		{BC66289B-5CE0-490E-BE14-427411C252AA} = {8F354264-8973-470D-B31F-944EE123D50B}
		{0AE2C5AF-9395-40DB-9F51-379E59486B48} = {C82E3C75-F082-4F43-801E-67026CC9C171}
		{C65CC47F-1759-49B0-8DC2-BD49CA839A49} = {0AE2C5AF-9395-40DB-9F51-379E59486B48}
		{7B06E93C-B8CC-4A26-9EA1-5949915F9C96} = {0AE2C5AF-9395-40DB-9F51-379E59486B48}
		{27682130-2A95-4025-A404-89BBDC4815A9} = {0AE2C5AF-9395-40DB-9F51-379E59486B48}
		{77BE93F5-917E-4952-B65B-12FE4AE1B52C} = {0AE2C5AF-9395-40DB-9F51-379E59486B48}
		{BDF466AF-0835-4B89-866E-200A90AC685F} = {0AE2C5AF-9395-40DB-9F51-379E59486B48}
		{79E43255-B7FD-4BBD-81D3-DCA07B103467} = {C82E3C75-F082-4F43-801E-67026CC9C171}
		{9A4E47AE-B3B6-4DAB-B00D-F72527EA9561} = {79E43255-B7FD-4BBD-81D3-DCA07B103467}
		{D3A20F36-F269-440F-B3DE-1B1A7E58564F} = {79E43255-B7FD-4BBD-81D3-DCA07B103467}
		{FBFBAB39-1471-48EA-A462-0D2F5E44C7FA} = {79E43255-B7FD-4BBD-81D3-DCA07B103467}
		{FC313D87-7A81-44BB-85DA-C28C2FA161F3} = {02EA681E-C7D8-13C7-8484-4AC65E1B71E8}
		{F4116935-35D4-4D14-932F-DD9BED621F0F} = {FC313D87-7A81-44BB-85DA-C28C2FA161F3}
		{2723FE34-B59C-41BD-AF48-ADD0B06D9CAE} = {F4116935-35D4-4D14-932F-DD9BED621F0F}
	EndGlobalSection
	GlobalSection(ExtensibilityGlobals) = postSolution
		SolutionGuid = {E087796B-AD33-421B-BF99-299A3866D69C}
	EndGlobalSection
EndGlobal
